PODS:
  - SDWebImage (4.0.0):
    - SDWebImage/Core (= 4.0.0)
  - SDWebImage/Core (4.0.0)
  - SVProgressHUD (2.1.2)
  - SwiftSoup (1.4.2)
  - SWXMLHash (4.1.0)

DEPENDENCIES:
  - SDWebImage
  - SVProgressHUD
  - SwiftSoup
  - SWXMLHash

SPEC CHECKSUMS:
  SDWebImage: 76a6348bdc74eb5a55dd08a091ef298e56b55e41
  SVProgressHUD: c404a55d78acbeb7ebb78b76d3faf986475a6994
  SwiftSoup: 9638363718859b469c3d7877b2b6a640348bacb7
  SWXMLHash: 21340633daddd9aaf5c625ae92a26ca6dcdbfe1b

PODFILE CHECKSUM: e290b7ea82c8141cbbd9dd2e1b4ebdc78d834055

COCOAPODS: 1.2.1
