// !$*UTF8*$!
{
	archiveVersion = 1;
	classes = {
	};
	objectVersion = 48;
	objects = {

/* Begin PBXBuildFile section */
		224B94B81F1EFEC300030973 /* AppDelegate.swift in Sources */ = {isa = PBXBuildFile; fileRef = 224B94B71F1EFEC300030973 /* AppDelegate.swift */; };
		224B94BA1F1EFEC300030973 /* ViewController.swift in Sources */ = {isa = PBXBuildFile; fileRef = 224B94B91F1EFEC300030973 /* ViewController.swift */; };
		224B94BD1F1EFEC300030973 /* Main.storyboard in Resources */ = {isa = PBXBuildFile; fileRef = 224B94BB1F1EFEC300030973 /* Main.storyboard */; };
		224B94BF1F1EFEC300030973 /* Assets.xcassets in Resources */ = {isa = PBXBuildFile; fileRef = 224B94BE1F1EFEC300030973 /* Assets.xcassets */; };
		224B94C21F1EFEC300030973 /* LaunchScreen.storyboard in Resources */ = {isa = PBXBuildFile; fileRef = 224B94C01F1EFEC300030973 /* LaunchScreen.storyboard */; };
/* End PBXBuildFile section */

/* Begin PBXFileReference section */
		224B94B41F1EFEC300030973 /* 9to5Mac.app */ = {isa = PBXFileReference; explicitFileType = wrapper.application; includeInIndex = 0; path = 9to5Mac.app; sourceTree = BUILT_PRODUCTS_DIR; };
		224B94B71F1EFEC300030973 /* AppDelegate.swift */ = {isa = PBXFileReference; lastKnownFileType = sourcecode.swift; path = AppDelegate.swift; sourceTree = "<group>"; };
		224B94B91F1EFEC300030973 /* ViewController.swift */ = {isa = PBXFileReference; lastKnownFileType = sourcecode.swift; path = ViewController.swift; sourceTree = "<group>"; };
		224B94BC1F1EFEC300030973 /* Base */ = {isa = PBXFileReference; lastKnownFileType = file.storyboard; name = Base; path = Base.lproj/Main.storyboard; sourceTree = "<group>"; };
		224B94BE1F1EFEC300030973 /* Assets.xcassets */ = {isa = PBXFileReference; lastKnownFileType = folder.assetcatalog; path = Assets.xcassets; sourceTree = "<group>"; };
		224B94C11F1EFEC300030973 /* Base */ = {isa = PBXFileReference; lastKnownFileType = file.storyboard; name = Base; path = Base.lproj/LaunchScreen.storyboard; sourceTree = "<group>"; };
		224B94C31F1EFEC300030973 /* Info.plist */ = {isa = PBXFileReference; lastKnownFileType = text.plist.xml; path = Info.plist; sourceTree = "<group>"; };
/* End PBXFileReference section */

/* Begin PBXFrameworksBuildPhase section */
		224B94B11F1EFEC300030973 /* Frameworks */ = {
			isa = PBXFrameworksBuildPhase;
			buildActionMask = 2147483647;
			files = (
			);
			runOnlyForDeploymentPostprocessing = 0;
		};
/* End PBXFrameworksBuildPhase section */

/* Begin PBXGroup section */
		224B94AB1F1EFEC300030973 = {
			isa = PBXGroup;
			children = (
				224B94B61F1EFEC300030973 /* 9to5Mac */,
				224B94B51F1EFEC300030973 /* Products */,
			);
			sourceTree = "<group>";
		};
		224B94B51F1EFEC300030973 /* Products */ = {
			isa = PBXGroup;
			children = (
				224B94B41F1EFEC300030973 /* 9to5Mac.app */,
			);
			name = Products;
			sourceTree = "<group>";
		};
		224B94B61F1EFEC300030973 /* 9to5Mac */ = {
			isa = PBXGroup;
			children = (
				224B94B71F1EFEC300030973 /* AppDelegate.swift */,
				224B94B91F1EFEC300030973 /* ViewController.swift */,
				224B94BB1F1EFEC300030973 /* Main.storyboard */,
				224B94BE1F1EFEC300030973 /* Assets.xcassets */,
				224B94C01F1EFEC300030973 /* LaunchScreen.storyboard */,
				224B94C31F1EFEC300030973 /* Info.plist */,
			);
			path = 9to5Mac;
			sourceTree = "<group>";
		};
/* End PBXGroup section */

/* Begin PBXNativeTarget section */
		224B94B31F1EFEC300030973 /* 9to5Mac */ = {
			isa = PBXNativeTarget;
			buildConfigurationList = 224B94C61F1EFEC300030973 /* Build configuration list for PBXNativeTarget "9to5Mac" */;
			buildPhases = (
				224B94B01F1EFEC300030973 /* Sources */,
				224B94B11F1EFEC300030973 /* Frameworks */,
				224B94B21F1EFEC300030973 /* Resources */,
			);
			buildRules = (
			);
			dependencies = (
			);
			name = 9to5Mac;
			productName = 9to5Mac;
			productReference = 224B94B41F1EFEC300030973 /* 9to5Mac.app */;
			productType = "com.apple.product-type.application";
		};
/* End PBXNativeTarget section */

/* Begin PBXProject section */
		224B94AC1F1EFEC300030973 /* Project object */ = {
			isa = PBXProject;
			attributes = {
				LastSwiftUpdateCheck = 0900;
				LastUpgradeCheck = 0900;
				TargetAttributes = {
					224B94B31F1EFEC300030973 = {
						CreatedOnToolsVersion = 9.0;
					};
				};
			};
			buildConfigurationList = 224B94AF1F1EFEC300030973 /* Build configuration list for PBXProject "9to5Mac" */;
			compatibilityVersion = "Xcode 8.0";
			developmentRegion = en;
			hasScannedForEncodings = 0;
			knownRegions = (
				en,
				Base,
			);
			mainGroup = 224B94AB1F1EFEC300030973;
			productRefGroup = 224B94B51F1EFEC300030973 /* Products */;
			projectDirPath = "";
			projectRoot = "";
			targets = (
				224B94B31F1EFEC300030973 /* 9to5Mac */,
			);
		};
/* End PBXProject section */

/* Begin PBXResourcesBuildPhase section */
		224B94B21F1EFEC300030973 /* Resources */ = {
			isa = PBXResourcesBuildPhase;
			buildActionMask = 2147483647;
			files = (
				224B94C21F1EFEC300030973 /* LaunchScreen.storyboard in Resources */,
				224B94BF1F1EFEC300030973 /* Assets.xcassets in Resources */,
				224B94BD1F1EFEC300030973 /* Main.storyboard in Resources */,
			);
			runOnlyForDeploymentPostprocessing = 0;
		};
/* End PBXResourcesBuildPhase section */

/* Begin PBXSourcesBuildPhase section */
		224B94B01F1EFEC300030973 /* Sources */ = {
			isa = PBXSourcesBuildPhase;
			buildActionMask = 2147483647;
			files = (
				224B94BA1F1EFEC300030973 /* ViewController.swift in Sources */,
				224B94B81F1EFEC300030973 /* AppDelegate.swift in Sources */,
			);
			runOnlyForDeploymentPostprocessing = 0;
		};
/* End PBXSourcesBuildPhase section */

/* Begin PBXVariantGroup section */
		224B94BB1F1EFEC300030973 /* Main.storyboard */ = {
			isa = PBXVariantGroup;
			children = (
				224B94BC1F1EFEC300030973 /* Base */,
			);
			name = Main.storyboard;
			sourceTree = "<group>";
		};
		224B94C01F1EFEC300030973 /* LaunchScreen.storyboard */ = {
			isa = PBXVariantGroup;
			children = (
				224B94C11F1EFEC300030973 /* Base */,
			);
			name = LaunchScreen.storyboard;
			sourceTree = "<group>";
		};
/* End PBXVariantGroup section */

/* Begin XCBuildConfiguration section */
		224B94C41F1EFEC300030973 /* Debug */ = {
			isa = XCBuildConfiguration;
			buildSettings = {
				ALWAYS_SEARCH_USER_PATHS = NO;
				CLANG_ANALYZER_NONNULL = YES;
				CLANG_ANALYZER_NUMBER_OBJECT_CONVERSION = YES_AGGRESSIVE;
				CLANG_CXX_LANGUAGE_STANDARD = "gnu++14";
				CLANG_CXX_LIBRARY = "libc++";
				CLANG_ENABLE_MODULES = YES;
				CLANG_ENABLE_OBJC_ARC = YES;
				CLANG_WARN_BLOCK_CAPTURE_AUTORELEASING = YES;
				CLANG_WARN_BOOL_CONVERSION = YES;
				CLANG_WARN_COMMA = YES;
				CLANG_WARN_CONSTANT_CONVERSION = YES;
				CLANG_WARN_DIRECT_OBJC_ISA_USAGE = YES_ERROR;
				CLANG_WARN_DOCUMENTATION_COMMENTS = YES;
				CLANG_WARN_EMPTY_BODY = YES;
				CLANG_WARN_ENUM_CONVERSION = YES;
				CLANG_WARN_INFINITE_RECURSION = YES;
				CLANG_WARN_INT_CONVERSION = YES;
				CLANG_WARN_OBJC_ROOT_CLASS = YES_ERROR;
				CLANG_WARN_RANGE_LOOP_ANALYSIS = YES;
				CLANG_WARN_STRICT_PROTOTYPES = YES;
				CLANG_WARN_SUSPICIOUS_MOVE = YES;
				CLANG_WARN_UNGUARDED_AVAILABILITY = YES_AGGRESSIVE;
				CLANG_WARN_UNREACHABLE_CODE = YES;
				CLANG_WARN__DUPLICATE_METHOD_MATCH = YES;
				CODE_SIGN_IDENTITY = "iPhone Developer";
				COPY_PHASE_STRIP = NO;
				DEBUG_INFORMATION_FORMAT = dwarf;
				ENABLE_STRICT_OBJC_MSGSEND = YES;
				ENABLE_TESTABILITY = YES;
				GCC_C_LANGUAGE_STANDARD = gnu11;
				GCC_DYNAMIC_NO_PIC = NO;
				GCC_NO_COMMON_BLOCKS = YES;
				GCC_OPTIMIZATION_LEVEL = 0;
				GCC_PREPROCESSOR_DEFINITIONS = (
					"DEBUG=1",
					"$(inherited)",
				);
				GCC_WARN_64_TO_32_BIT_CONVERSION = YES;
				GCC_WARN_ABOUT_RETURN_TYPE = YES_ERROR;
				GCC_WARN_UNDECLARED_SELECTOR = YES;
				GCC_WARN_UNINITIALIZED_AUTOS = YES_AGGRESSIVE;
				GCC_WARN_UNUSED_FUNCTION = YES;
				GCC_WARN_UNUSED_VARIABLE = YES;
				IPHONEOS_DEPLOYMENT_TARGET = 11.0;
				MTL_ENABLE_DEBUG_INFO = YES;
				ONLY_ACTIVE_ARCH = YES;
				SDKROOT = iphoneos;
				SWIFT_ACTIVE_COMPILATION_CONDITIONS = DEBUG;
				SWIFT_OPTIMIZATION_LEVEL = "-Onone";
			};
			name = Debug;
		};
		224B94C51F1EFEC300030973 /* Release */ = {
			isa = XCBuildConfiguration;
			buildSettings = {
				ALWAYS_SEARCH_USER_PATHS = NO;
				CLANG_ANALYZER_NONNULL = YES;
				CLANG_ANALYZER_NUMBER_OBJECT_CONVERSION = YES_AGGRESSIVE;
				CLANG_CXX_LANGUAGE_STANDARD = "gnu++14";
				CLANG_CXX_LIBRARY = "libc++";
				CLANG_ENABLE_MODULES = YES;
				CLANG_ENABLE_OBJC_ARC = YES;
				CLANG_WARN_BLOCK_CAPTURE_AUTORELEASING = YES;
				CLANG_WARN_BOOL_CONVERSION = YES;
				CLANG_WARN_COMMA = YES;
				CLANG_WARN_CONSTANT_CONVERSION = YES;
				CLANG_WARN_DIRECT_OBJC_ISA_USAGE = YES_ERROR;
				CLANG_WARN_DOCUMENTATION_COMMENTS = YES;
				CLANG_WARN_EMPTY_BODY = YES;
				CLANG_WARN_ENUM_CONVERSION = YES;
				CLANG_WARN_INFINITE_RECURSION = YES;
				CLANG_WARN_INT_CONVERSION = YES;
				CLANG_WARN_OBJC_ROOT_CLASS = YES_ERROR;
				CLANG_WARN_RANGE_LOOP_ANALYSIS = YES;
				CLANG_WARN_STRICT_PROTOTYPES = YES;
				CLANG_WARN_SUSPICIOUS_MOVE = YES;
				CLANG_WARN_UNGUARDED_AVAILABILITY = YES_AGGRESSIVE;
				CLANG_WARN_UNREACHABLE_CODE = YES;
				CLANG_WARN__DUPLICATE_METHOD_MATCH = YES;
				CODE_SIGN_IDENTITY = "iPhone Developer";
				COPY_PHASE_STRIP = NO;
				DEBUG_INFORMATION_FORMAT = "dwarf-with-dsym";
				ENABLE_NS_ASSERTIONS = NO;
				ENABLE_STRICT_OBJC_MSGSEND = YES;
				GCC_C_LANGUAGE_STANDARD = gnu11;
				GCC_NO_COMMON_BLOCKS = YES;
				GCC_WARN_64_TO_32_BIT_CONVERSION = YES;
				GCC_WARN_ABOUT_RETURN_TYPE = YES_ERROR;
				GCC_WARN_UNDECLARED_SELECTOR = YES;
				GCC_WARN_UNINITIALIZED_AUTOS = YES_AGGRESSIVE;
				GCC_WARN_UNUSED_FUNCTION = YES;
				GCC_WARN_UNUSED_VARIABLE = YES;
				IPHONEOS_DEPLOYMENT_TARGET = 11.0;
				MTL_ENABLE_DEBUG_INFO = NO;
				SDKROOT = iphoneos;
				SWIFT_OPTIMIZATION_LEVEL = "-Owholemodule";
				VALIDATE_PRODUCT = YES;
			};
			name = Release;
		};
		224B94C71F1EFEC300030973 /* Debug */ = {
			isa = XCBuildConfiguration;
			buildSettings = {
				ASSETCATALOG_COMPILER_APPICON_NAME = AppIcon;
				DEVELOPMENT_TEAM = 7BT7DC73YL;
				INFOPLIST_FILE = 9to5Mac/Info.plist;
				LD_RUNPATH_SEARCH_PATHS = "$(inherited) @executable_path/Frameworks";
				PRODUCT_BUNDLE_IDENTIFIER = "com.TR.-to5Mac";
				PRODUCT_NAME = "$(TARGET_NAME)";
				SWIFT_VERSION = 4.0;
				TARGETED_DEVICE_FAMILY = "1,2";
			};
			name = Debug;
		};
		224B94C81F1EFEC300030973 /* Release */ = {
			isa = XCBuildConfiguration;
			buildSettings = {
				ASSETCATALOG_COMPILER_APPICON_NAME = AppIcon;
				DEVELOPMENT_TEAM = 7BT7DC73YL;
				INFOPLIST_FILE = 9to5Mac/Info.plist;
				LD_RUNPATH_SEARCH_PATHS = "$(inherited) @executable_path/Frameworks";
				PRODUCT_BUNDLE_IDENTIFIER = "com.TR.-to5Mac";
				PRODUCT_NAME = "$(TARGET_NAME)";
				SWIFT_VERSION = 4.0;
				TARGETED_DEVICE_FAMILY = "1,2";
			};
			name = Release;
		};
/* End XCBuildConfiguration section */

/* Begin XCConfigurationList section */
		224B94AF1F1EFEC300030973 /* Build configuration list for PBXProject "9to5Mac" */ = {
			isa = XCConfigurationList;
			buildConfigurations = (
				224B94C41F1EFEC300030973 /* Debug */,
				224B94C51F1EFEC300030973 /* Release */,
			);
			defaultConfigurationIsVisible = 0;
			defaultConfigurationName = Release;
		};
		224B94C61F1EFEC300030973 /* Build configuration list for PBXNativeTarget "9to5Mac" */ = {
			isa = XCConfigurationList;
			buildConfigurations = (
				224B94C71F1EFEC300030973 /* Debug */,
				224B94C81F1EFEC300030973 /* Release */,
			);
			defaultConfigurationIsVisible = 0;
		};
/* End XCConfigurationList section */
	};
	rootObject = 224B94AC1F1EFEC300030973 /* Project object */;
}
